
Microsoft Visual Studio Solution File, Format Version 12.00
# Visual Studio 15
VisualStudioVersion = 15.0.27703.2035
MinimumVisualStudioVersion = 10.0.40219.1
Project("{FAE04EC0-301F-11D3-BF4B-00C04F79EFBC}") = "AspNetCoreIdentityWithCookieAuthentication", "AspNetCoreIdentityWithCookieAuthentication\AspNetCoreIdentityWithCookieAuthentication.csproj", "{3D29EA1E-7C79-441E-9C65-5BF70856A6A0}"
EndProject
Global
	GlobalSection(SolutionConfigurationPlatforms) = preSolution
		Debug|Any CPU = Debug|Any CPU
		Release|Any CPU = Release|Any CPU
	EndGlobalSection
	GlobalSection(ProjectConfigurationPlatforms) = postSolution
		{3D29EA1E-7C79-441E-9C65-5BF70856A6A0}.Debug|Any CPU.ActiveCfg = Debug|Any CPU
		{3D29EA1E-7C79-441E-9C65-5BF70856A6A0}.Debug|Any CPU.Build.0 = Debug|Any CPU
		{3D29EA1E-7C79-441E-9C65-5BF70856A6A0}.Release|Any CPU.ActiveCfg = Release|Any CPU
		{3D29EA1E-7C79-441E-9C65-5BF70856A6A0}.Release|Any CPU.Build.0 = Release|Any CPU
	EndGlobalSection
	GlobalSection(SolutionProperties) = preSolution
		HideSolutionNode = FALSE
	EndGlobalSection
	GlobalSection(ExtensibilityGlobals) = postSolution
		SolutionGuid = {FAC5B05F-A7D7-4391-8E57-8DB3532951DB}
	EndGlobalSection
EndGlobal
